{
  "version": 4,
  "terraform_version": "1.1.0",
  "serial": 11,
  "lineage": "3bd5ee93-067d-54c9-4aee-be404fbe6546",
  "outputs": {},
  "resources": [
    {
      "mode": "data",
      "type": "template_file",
      "name": "network_config",
      "provider": "provider[\"registry.terraform.io/hashicorp/template\"]",
      "instances": [
        {
          "schema_version": 0,
          "attributes": {
            "filename": null,
            "id": "bab5ced171f7c6bc719691e20e79e3e2b135f9ca6bb9a5014e9aaec3011806a8",
            "rendered": "version: 2\nethernets:\n  ens3:\n     dhcp4: true\n",
            "template": "version: 2\nethernets:\n  ens3:\n     dhcp4: true\n",
            "vars": null
          },
          "sensitive_attributes": []
        }
      ]
    },
    {
      "mode": "data",
      "type": "template_file",
      "name": "user_data",
      "provider": "provider[\"registry.terraform.io/hashicorp/template\"]",
      "instances": [
        {
          "schema_version": 0,
          "attributes": {
            "filename": null,
            "id": "156f9aabe02c085165fd24059b9cea531366910c2b040aebf1c5ea0bad18e088",
            "rendered": "#cloud-config\nusers:\n  - name: tico\n    sudo: ALL=(ALL) NOPASSWD:ALL\n    groups: users, admin\n    home: /home/tico\n    shell: /bin/bash\n    ssh-authorized-keys:\n      - ssh-rsa AAAAB3NzaC1yc2EAAAADAQABAAABgQC84vdgIc2hO4wQKfaJbw68pTFHDdwp+61QoJE3/vobI1gvad8FEPJ2+Ndp7Up8BNmE8XbU8RG2JfjfiTslqxnpV+68nSsz8UimzCi1S5j6mk+fvxSPhw2jS4XNDRQz103Db30sJwG9/sU9EeaVR0CdF+2PemL85TuUxFzScZYiJEAH8vSonoblZ3oTqcFpWMiF0TZF8Ti+jJ7e2KJUWqbON2kpAnqHH8U3sHOeE/2cEmorwZMyXM98d6AbhUK39bwXhvU3NbdSnqthVz39XWOVcbUwK68Uq3jnuWO2Fy6TaF5IkBPszJt6RBsXGtVxu6zyP1WCHFvOQP3wAbdgez7+Ge7o1yw7QCnKul9/JUGtWJC1JYmlixjyT3UP7M8t+vXiyazEddfd23doX0Czq1AvCa4iFc0R6hfT2rBCn0TH1I+GfvvPpbIYg8HJzijsM3p7Al2EtDx3AAC6qMsbE+vbva+mYXS+r7dxMRI4AMX63slkysRs703hVz5zsC9YYUc= tico@fedora.homelab.prv\nssh_pwauth: True\ndisable_root: false\nchpasswd:\n  list: |\n     root: iamroot\n     tico:linux\n  expire: False\npackage_update: true\npackage_upgrade: true\npackages:\n    - qemu-guest-agent\n    - apt-transport-https\n    - ca-certificates\n    - curl\n    - gnupg-agent\n    - software-properties-common\n    - zsh\ngrowpart:\n  mode: auto\n  devices: ['/']\nruncmd:\n  - [ sh, -c, 'hostnamectl set-hostname testing.vm --static' ]\n",
            "template": "#cloud-config\nusers:\n  - name: ${VM_USER}\n    sudo: ALL=(ALL) NOPASSWD:ALL\n    groups: users, admin\n    home: /home/${VM_USER}\n    shell: /bin/bash\n    ssh-authorized-keys:\n      - ssh-rsa AAAAB3NzaC1yc2EAAAADAQABAAABgQC84vdgIc2hO4wQKfaJbw68pTFHDdwp+61QoJE3/vobI1gvad8FEPJ2+Ndp7Up8BNmE8XbU8RG2JfjfiTslqxnpV+68nSsz8UimzCi1S5j6mk+fvxSPhw2jS4XNDRQz103Db30sJwG9/sU9EeaVR0CdF+2PemL85TuUxFzScZYiJEAH8vSonoblZ3oTqcFpWMiF0TZF8Ti+jJ7e2KJUWqbON2kpAnqHH8U3sHOeE/2cEmorwZMyXM98d6AbhUK39bwXhvU3NbdSnqthVz39XWOVcbUwK68Uq3jnuWO2Fy6TaF5IkBPszJt6RBsXGtVxu6zyP1WCHFvOQP3wAbdgez7+Ge7o1yw7QCnKul9/JUGtWJC1JYmlixjyT3UP7M8t+vXiyazEddfd23doX0Czq1AvCa4iFc0R6hfT2rBCn0TH1I+GfvvPpbIYg8HJzijsM3p7Al2EtDx3AAC6qMsbE+vbva+mYXS+r7dxMRI4AMX63slkysRs703hVz5zsC9YYUc= tico@fedora.homelab.prv\nssh_pwauth: True\ndisable_root: false\nchpasswd:\n  list: |\n     root: iamroot\n     ${VM_USER}:linux\n  expire: False\npackage_update: true\npackage_upgrade: true\npackages:\n    - qemu-guest-agent\n    - apt-transport-https\n    - ca-certificates\n    - curl\n    - gnupg-agent\n    - software-properties-common\n    - zsh\ngrowpart:\n  mode: auto\n  devices: ['/']\nruncmd:\n  - [ sh, -c, 'hostnamectl set-hostname testing.vm --static' ]\n",
            "vars": {
              "VM_USER": "tico"
            }
          },
          "sensitive_attributes": []
        }
      ]
    },
    {
      "mode": "managed",
      "type": "libvirt_cloudinit_disk",
      "name": "cloudinit",
      "provider": "provider[\"registry.terraform.io/dmacvicar/libvirt\"]",
      "instances": [
        {
          "schema_version": 0,
          "attributes": {
            "id": "/tmp/terraform-provider-libvirt-pool/wathekbeji_cloudinit.iso;28dc9944-60e9-4d9a-834b-2fe136135b6e",
            "meta_data": "",
            "name": "wathekbeji_cloudinit.iso",
            "network_config": "version: 2\nethernets:\n  ens3:\n     dhcp4: true\n",
            "pool": "wathekbeji_pool",
            "user_data": "#cloud-config\nusers:\n  - name: tico\n    sudo: ALL=(ALL) NOPASSWD:ALL\n    groups: users, admin\n    home: /home/tico\n    shell: /bin/bash\n    ssh-authorized-keys:\n      - ssh-rsa AAAAB3NzaC1yc2EAAAADAQABAAABgQC84vdgIc2hO4wQKfaJbw68pTFHDdwp+61QoJE3/vobI1gvad8FEPJ2+Ndp7Up8BNmE8XbU8RG2JfjfiTslqxnpV+68nSsz8UimzCi1S5j6mk+fvxSPhw2jS4XNDRQz103Db30sJwG9/sU9EeaVR0CdF+2PemL85TuUxFzScZYiJEAH8vSonoblZ3oTqcFpWMiF0TZF8Ti+jJ7e2KJUWqbON2kpAnqHH8U3sHOeE/2cEmorwZMyXM98d6AbhUK39bwXhvU3NbdSnqthVz39XWOVcbUwK68Uq3jnuWO2Fy6TaF5IkBPszJt6RBsXGtVxu6zyP1WCHFvOQP3wAbdgez7+Ge7o1yw7QCnKul9/JUGtWJC1JYmlixjyT3UP7M8t+vXiyazEddfd23doX0Czq1AvCa4iFc0R6hfT2rBCn0TH1I+GfvvPpbIYg8HJzijsM3p7Al2EtDx3AAC6qMsbE+vbva+mYXS+r7dxMRI4AMX63slkysRs703hVz5zsC9YYUc= tico@fedora.homelab.prv\nssh_pwauth: True\ndisable_root: false\nchpasswd:\n  list: |\n     root: iamroot\n     tico:linux\n  expire: False\npackage_update: true\npackage_upgrade: true\npackages:\n    - qemu-guest-agent\n    - apt-transport-https\n    - ca-certificates\n    - curl\n    - gnupg-agent\n    - software-properties-common\n    - zsh\ngrowpart:\n  mode: auto\n  devices: ['/']\nruncmd:\n  - [ sh, -c, 'hostnamectl set-hostname testing.vm --static' ]\n"
          },
          "sensitive_attributes": [],
          "private": "bnVsbA==",
          "dependencies": [
            "data.template_file.network_config",
            "data.template_file.user_data",
            "libvirt_pool.vm"
          ]
        }
      ]
    },
    {
      "mode": "managed",
      "type": "libvirt_domain",
      "name": "vm",
      "provider": "provider[\"registry.terraform.io/dmacvicar/libvirt\"]",
      "instances": [
        {
          "index_key": 0,
          "schema_version": 0,
          "attributes": {
            "arch": "x86_64",
            "autostart": null,
            "boot_device": [],
            "cloudinit": "/tmp/terraform-provider-libvirt-pool/wathekbeji_cloudinit.iso;28dc9944-60e9-4d9a-834b-2fe136135b6e",
            "cmdline": null,
            "console": [
              {
                "source_host": "127.0.0.1",
                "source_path": "",
                "source_service": "0",
                "target_port": "0",
                "target_type": "serial",
                "type": "pty"
              },
              {
                "source_host": "127.0.0.1",
                "source_path": "",
                "source_service": "0",
                "target_port": "1",
                "target_type": "virtio",
                "type": "pty"
              }
            ],
            "coreos_ignition": null,
            "cpu": [],
            "description": "",
            "disk": [
              {
                "block_device": "",
                "file": "",
                "scsi": false,
                "url": "",
                "volume_id": "/tmp/terraform-provider-libvirt-pool/wathekbeji-0_volume.qcow2",
                "wwn": ""
              }
            ],
            "emulator": "/usr/bin/qemu-system-x86_64",
            "filesystem": [],
            "firmware": "",
            "fw_cfg_name": "opt/com.coreos/config",
            "graphics": [
              {
                "autoport": true,
                "listen_address": "127.0.0.1",
                "listen_type": "address",
                "type": "spice"
              }
            ],
            "id": "f0660bc8-6faf-4a99-95a2-68647ba3b5de",
            "initrd": "",
            "kernel": "",
            "machine": "pc",
            "memory": 1024,
            "metadata": null,
            "name": "wathekbeji-0-lvslkf",
            "network_interface": [
              {
                "addresses": [],
                "bridge": "",
                "hostname": "",
                "mac": "52:54:00:46:FD:A6",
                "macvtap": "",
                "network_id": "878081c7-0236-4fab-957f-21150cb3dc23",
                "network_name": "wathekbeji_network",
                "passthrough": "",
                "vepa": "",
                "wait_for_lease": false
              }
            ],
            "nvram": [],
            "qemu_agent": false,
            "running": true,
            "timeouts": null,
            "vcpu": 1,
            "video": [],
            "xml": []
          },
          "sensitive_attributes": [],
          "private": "eyJlMmJmYjczMC1lY2FhLTExZTYtOGY4OC0zNDM2M2JjN2M0YzAiOnsiY3JlYXRlIjozMDAwMDAwMDAwMDB9fQ==",
          "dependencies": [
            "data.template_file.network_config",
            "data.template_file.user_data",
            "libvirt_cloudinit_disk.cloudinit",
            "libvirt_network.vm_public_network",
            "libvirt_pool.vm",
            "libvirt_volume.vm",
            "random_string.vm-name"
          ]
        },
        {
          "index_key": 1,
          "schema_version": 0,
          "attributes": {
            "arch": "x86_64",
            "autostart": null,
            "boot_device": [],
            "cloudinit": "/tmp/terraform-provider-libvirt-pool/wathekbeji_cloudinit.iso;28dc9944-60e9-4d9a-834b-2fe136135b6e",
            "cmdline": null,
            "console": [
              {
                "source_host": "127.0.0.1",
                "source_path": "",
                "source_service": "0",
                "target_port": "0",
                "target_type": "serial",
                "type": "pty"
              },
              {
                "source_host": "127.0.0.1",
                "source_path": "",
                "source_service": "0",
                "target_port": "1",
                "target_type": "virtio",
                "type": "pty"
              }
            ],
            "coreos_ignition": null,
            "cpu": [],
            "description": "",
            "disk": [
              {
                "block_device": "",
                "file": "",
                "scsi": false,
                "url": "",
                "volume_id": "/tmp/terraform-provider-libvirt-pool/wathekbeji-1_volume.qcow2",
                "wwn": ""
              }
            ],
            "emulator": "/usr/bin/qemu-system-x86_64",
            "filesystem": [],
            "firmware": "",
            "fw_cfg_name": "opt/com.coreos/config",
            "graphics": [
              {
                "autoport": true,
                "listen_address": "127.0.0.1",
                "listen_type": "address",
                "type": "spice"
              }
            ],
            "id": "519327d6-cf57-479c-9add-c8c59441c6ca",
            "initrd": "",
            "kernel": "",
            "machine": "pc",
            "memory": 1024,
            "metadata": null,
            "name": "wathekbeji-1-lvslkf",
            "network_interface": [
              {
                "addresses": [],
                "bridge": "",
                "hostname": "",
                "mac": "52:54:00:EE:10:E3",
                "macvtap": "",
                "network_id": "878081c7-0236-4fab-957f-21150cb3dc23",
                "network_name": "wathekbeji_network",
                "passthrough": "",
                "vepa": "",
                "wait_for_lease": false
              }
            ],
            "nvram": [],
            "qemu_agent": false,
            "running": true,
            "timeouts": null,
            "vcpu": 1,
            "video": [],
            "xml": []
          },
          "sensitive_attributes": [],
          "private": "eyJlMmJmYjczMC1lY2FhLTExZTYtOGY4OC0zNDM2M2JjN2M0YzAiOnsiY3JlYXRlIjozMDAwMDAwMDAwMDB9fQ==",
          "dependencies": [
            "data.template_file.network_config",
            "data.template_file.user_data",
            "libvirt_cloudinit_disk.cloudinit",
            "libvirt_network.vm_public_network",
            "libvirt_pool.vm",
            "libvirt_volume.vm",
            "random_string.vm-name"
          ]
        },
        {
          "index_key": 2,
          "schema_version": 0,
          "attributes": {
            "arch": "x86_64",
            "autostart": null,
            "boot_device": [],
            "cloudinit": "/tmp/terraform-provider-libvirt-pool/wathekbeji_cloudinit.iso;28dc9944-60e9-4d9a-834b-2fe136135b6e",
            "cmdline": null,
            "console": [
              {
                "source_host": "127.0.0.1",
                "source_path": "",
                "source_service": "0",
                "target_port": "0",
                "target_type": "serial",
                "type": "pty"
              },
              {
                "source_host": "127.0.0.1",
                "source_path": "",
                "source_service": "0",
                "target_port": "1",
                "target_type": "virtio",
                "type": "pty"
              }
            ],
            "coreos_ignition": null,
            "cpu": [],
            "description": "",
            "disk": [
              {
                "block_device": "",
                "file": "",
                "scsi": false,
                "url": "",
                "volume_id": "/tmp/terraform-provider-libvirt-pool/wathekbeji-2_volume.qcow2",
                "wwn": ""
              }
            ],
            "emulator": "/usr/bin/qemu-system-x86_64",
            "filesystem": [],
            "firmware": "",
            "fw_cfg_name": "opt/com.coreos/config",
            "graphics": [
              {
                "autoport": true,
                "listen_address": "127.0.0.1",
                "listen_type": "address",
                "type": "spice"
              }
            ],
            "id": "b6f6981a-4bc3-4d12-a850-210ac053a1ae",
            "initrd": "",
            "kernel": "",
            "machine": "pc",
            "memory": 1024,
            "metadata": null,
            "name": "wathekbeji-2-lvslkf",
            "network_interface": [
              {
                "addresses": [],
                "bridge": "",
                "hostname": "",
                "mac": "52:54:00:32:23:AE",
                "macvtap": "",
                "network_id": "878081c7-0236-4fab-957f-21150cb3dc23",
                "network_name": "wathekbeji_network",
                "passthrough": "",
                "vepa": "",
                "wait_for_lease": false
              }
            ],
            "nvram": [],
            "qemu_agent": false,
            "running": true,
            "timeouts": null,
            "vcpu": 1,
            "video": [],
            "xml": []
          },
          "sensitive_attributes": [],
          "private": "eyJlMmJmYjczMC1lY2FhLTExZTYtOGY4OC0zNDM2M2JjN2M0YzAiOnsiY3JlYXRlIjozMDAwMDAwMDAwMDB9fQ==",
          "dependencies": [
            "data.template_file.network_config",
            "data.template_file.user_data",
            "libvirt_cloudinit_disk.cloudinit",
            "libvirt_network.vm_public_network",
            "libvirt_pool.vm",
            "libvirt_volume.vm",
            "random_string.vm-name"
          ]
        }
      ]
    },
    {
      "mode": "managed",
      "type": "libvirt_network",
      "name": "vm_public_network",
      "provider": "provider[\"registry.terraform.io/dmacvicar/libvirt\"]",
      "instances": [
        {
          "schema_version": 0,
          "attributes": {
            "addresses": [
              "10.0.0.0/24"
            ],
            "autostart": null,
            "bridge": "virbr1",
            "dhcp": [
              {
                "enabled": true
              }
            ],
            "dns": [
              {
                "enabled": true,
                "forwarders": [],
                "hosts": [],
                "local_only": false,
                "srvs": []
              }
            ],
            "dnsmasq_options": [],
            "domain": "wathekbeji.local",
            "id": "878081c7-0236-4fab-957f-21150cb3dc23",
            "mode": "nat",
            "mtu": null,
            "name": "wathekbeji_network",
            "routes": [],
            "xml": []
          },
          "sensitive_attributes": [],
          "private": "bnVsbA=="
        }
      ]
    },
    {
      "mode": "managed",
      "type": "libvirt_pool",
      "name": "vm",
      "provider": "provider[\"registry.terraform.io/dmacvicar/libvirt\"]",
      "instances": [
        {
          "schema_version": 0,
          "attributes": {
            "allocation": 45056,
            "available": null,
            "capacity": 6207160320,
            "id": "e2a14e34-b76d-47c9-99bb-8a7cf28fb257",
            "name": "wathekbeji_pool",
            "path": "/tmp/terraform-provider-libvirt-pool",
            "type": "dir",
            "xml": []
          },
          "sensitive_attributes": [],
          "private": "bnVsbA=="
        }
      ]
    },
    {
      "mode": "managed",
      "type": "libvirt_volume",
      "name": "vm",
      "provider": "provider[\"registry.terraform.io/dmacvicar/libvirt\"]",
      "instances": [
        {
          "index_key": 0,
          "schema_version": 0,
          "attributes": {
            "base_volume_id": null,
            "base_volume_name": null,
            "base_volume_pool": null,
            "format": "qcow2",
            "id": "/tmp/terraform-provider-libvirt-pool/wathekbeji-0_volume.qcow2",
            "name": "wathekbeji-0_volume.qcow2",
            "pool": "wathekbeji_pool",
            "size": 8589934592,
            "source": "/osmedia/CentOS-7-x86_64-GenericCloud.qcow2",
            "xml": []
          },
          "sensitive_attributes": [],
          "private": "bnVsbA==",
          "dependencies": [
            "libvirt_pool.vm"
          ]
        },
        {
          "index_key": 1,
          "schema_version": 0,
          "attributes": {
            "base_volume_id": null,
            "base_volume_name": null,
            "base_volume_pool": null,
            "format": "qcow2",
            "id": "/tmp/terraform-provider-libvirt-pool/wathekbeji-1_volume.qcow2",
            "name": "wathekbeji-1_volume.qcow2",
            "pool": "wathekbeji_pool",
            "size": 8589934592,
            "source": "/osmedia/CentOS-7-x86_64-GenericCloud.qcow2",
            "xml": []
          },
          "sensitive_attributes": [],
          "private": "bnVsbA==",
          "dependencies": [
            "libvirt_pool.vm"
          ]
        },
        {
          "index_key": 2,
          "schema_version": 0,
          "attributes": {
            "base_volume_id": null,
            "base_volume_name": null,
            "base_volume_pool": null,
            "format": "qcow2",
            "id": "/tmp/terraform-provider-libvirt-pool/wathekbeji-2_volume.qcow2",
            "name": "wathekbeji-2_volume.qcow2",
            "pool": "wathekbeji_pool",
            "size": 8589934592,
            "source": "/osmedia/CentOS-7-x86_64-GenericCloud.qcow2",
            "xml": []
          },
          "sensitive_attributes": [],
          "private": "bnVsbA==",
          "dependencies": [
            "libvirt_pool.vm"
          ]
        }
      ]
    },
    {
      "mode": "managed",
      "type": "random_string",
      "name": "vm-name",
      "provider": "provider[\"registry.terraform.io/hashicorp/random\"]",
      "instances": [
        {
          "schema_version": 1,
          "attributes": {
            "id": "lvslkf",
            "keepers": null,
            "length": 6,
            "lower": true,
            "min_lower": 0,
            "min_numeric": 0,
            "min_special": 0,
            "min_upper": 0,
            "number": false,
            "override_special": null,
            "result": "lvslkf",
            "special": false,
            "upper": false
          },
          "sensitive_attributes": [],
          "private": "eyJzY2hlbWFfdmVyc2lvbiI6IjEifQ=="
        }
      ]
    }
  ]
}
